
Microsoft Visual Studio Solution File, Format Version 12.00
# Visual Studio Version 16
VisualStudioVersion = 16.0.30611.23
MinimumVisualStudioVersion = 10.0.40219.1
Project("{FAE04EC0-301F-11D3-BF4B-00C04F79EFBC}") = "BelInt_WebHelper", "BelInt_WebHelper\BelInt_WebHelper.csproj", "{C7DDA634-1DE3-4BA5-A80E-B5689284FD01}"
EndProject
Global
	GlobalSection(SolutionConfigurationPlatforms) = preSolution
		Debug|Any CPU = Debug|Any CPU
		Release|Any CPU = Release|Any CPU
	EndGlobalSection
	GlobalSection(ProjectConfigurationPlatforms) = postSolution
		{C7DDA634-1DE3-4BA5-A80E-B5689284FD01}.Debug|Any CPU.ActiveCfg = Debug|Any CPU
		{C7DDA634-1DE3-4BA5-A80E-B5689284FD01}.Debug|Any CPU.Build.0 = Debug|Any CPU
		{C7DDA634-1DE3-4BA5-A80E-B5689284FD01}.Release|Any CPU.ActiveCfg = Release|Any CPU
		{C7DDA634-1DE3-4BA5-A80E-B5689284FD01}.Release|Any CPU.Build.0 = Release|Any CPU
	EndGlobalSection
	GlobalSection(SolutionProperties) = preSolution
		HideSolutionNode = FALSE
	EndGlobalSection
	GlobalSection(ExtensibilityGlobals) = postSolution
		SolutionGuid = {03009EE8-1C39-4456-B5EE-7EEDE272803C}
	EndGlobalSection
EndGlobal
